
Microsoft Visual Studio Solution File, Format Version 12.00
# Visual Studio Version 17
VisualStudioVersion = 17.12.35707.178
MinimumVisualStudioVersion = 10.0.40219.1
Project("{FAE04EC0-301F-11D3-BF4B-00C04F79EFBC}") = "KudvenkatServerSideProject", "KudvenkatServerSideProject\KudvenkatServerSideProject.csproj", "{9407E2DC-E6D1-45B3-8398-D0B06690C994}"
EndProject
Project("{FAE04EC0-301F-11D3-BF4B-00C04F79EFBC}") = "EmployeeManagement.Models", "EmployeeManagement.Models\EmployeeManagement.Models.csproj", "{421EBD75-BD13-4F7A-8220-79149914C106}"
EndProject
Project("{FAE04EC0-301F-11D3-BF4B-00C04F79EFBC}") = "EmployeeManagementAPI", "EmployeeManagementAPI\EmployeeManagementAPI.csproj", "{EE960713-57F4-4BB9-A07D-826DEE0F4181}"
EndProject
Global
	GlobalSection(SolutionConfigurationPlatforms) = preSolution
		Debug|Any CPU = Debug|Any CPU
		Release|Any CPU = Release|Any CPU
	EndGlobalSection
	GlobalSection(ProjectConfigurationPlatforms) = postSolution
		{9407E2DC-E6D1-45B3-8398-D0B06690C994}.Debug|Any CPU.ActiveCfg = Debug|Any CPU
		{9407E2DC-E6D1-45B3-8398-D0B06690C994}.Debug|Any CPU.Build.0 = Debug|Any CPU
		{9407E2DC-E6D1-45B3-8398-D0B06690C994}.Release|Any CPU.ActiveCfg = Release|Any CPU
		{9407E2DC-E6D1-45B3-8398-D0B06690C994}.Release|Any CPU.Build.0 = Release|Any CPU
		{421EBD75-BD13-4F7A-8220-79149914C106}.Debug|Any CPU.ActiveCfg = Debug|Any CPU
		{421EBD75-BD13-4F7A-8220-79149914C106}.Debug|Any CPU.Build.0 = Debug|Any CPU
		{421EBD75-BD13-4F7A-8220-79149914C106}.Release|Any CPU.ActiveCfg = Release|Any CPU
		{421EBD75-BD13-4F7A-8220-79149914C106}.Release|Any CPU.Build.0 = Release|Any CPU
		{EE960713-57F4-4BB9-A07D-826DEE0F4181}.Debug|Any CPU.ActiveCfg = Debug|Any CPU
		{EE960713-57F4-4BB9-A07D-826DEE0F4181}.Debug|Any CPU.Build.0 = Debug|Any CPU
		{EE960713-57F4-4BB9-A07D-826DEE0F4181}.Release|Any CPU.ActiveCfg = Release|Any CPU
		{EE960713-57F4-4BB9-A07D-826DEE0F4181}.Release|Any CPU.Build.0 = Release|Any CPU
	EndGlobalSection
	GlobalSection(SolutionProperties) = preSolution
		HideSolutionNode = FALSE
	EndGlobalSection
EndGlobal
